
Microsoft Visual Studio Solution File, Format Version 12.00
# Visual Studio Version 17
VisualStudioVersion = 17.5.002.0
MinimumVisualStudioVersion = 10.0.40219.1
Project("{2150E333-8FDC-42A3-9474-1A3956D46DE8}") = "src", "src", "{EFA065C6-E756-4CCB-820B-02EE8AFA1849}"
EndProject
Project("{2150E333-8FDC-42A3-9474-1A3956D46DE8}") = "Unit-1", "Unit-1", "{D23258E1-BCE2-4FE3-A8CE-EF7E7F3F5A61}"
EndProject
Project("{9A19103F-16F7-4668-BE54-9A1E7A4F7556}") = "WinTail", "src\Unit-1\DoThis\WinTail.csproj", "{0A6B50E6-25CF-4671-9723-5F427849530A}"
EndProject
Project("{2150E333-8FDC-42A3-9474-1A3956D46DE8}") = "Unit-2", "Unit-2", "{39E9AA1E-5548-44C9-A7C8-C55B73E68F44}"
EndProject
Project("{9A19103F-16F7-4668-BE54-9A1E7A4F7556}") = "ChartApp", "src\Unit-2\DoThis\ChartApp.csproj", "{CE9E8750-ADEF-467E-9FB7-2E25746EA2D6}"
EndProject
Project("{2150E333-8FDC-42A3-9474-1A3956D46DE8}") = "Unit-3", "Unit-3", "{24418747-59CD-4AD1-95FB-E4A0B9E9AD05}"
EndProject
Project("{9A19103F-16F7-4668-BE54-9A1E7A4F7556}") = "GithubActors", "src\Unit-3\DoThis\GithubActors.csproj", "{910C312D-2ABD-475A-A710-20BB28B36E9F}"
EndProject
Project("{2150E333-8FDC-42A3-9474-1A3956D46DE8}") = "lesson1", "lesson1", "{262B798B-FA65-41D3-B9A6-0C5479329BC4}"
EndProject
Project("{9A19103F-16F7-4668-BE54-9A1E7A4F7556}") = "WinTail", "src\Unit-1\lesson1\Completed\WinTail.csproj", "{1A8AC10E-97C3-4291-9D9B-1F958EA3F858}"
EndProject
Project("{2150E333-8FDC-42A3-9474-1A3956D46DE8}") = "lesson2", "lesson2", "{18CAA950-0364-42F0-8DCD-FA10AFF149CA}"
EndProject
Project("{9A19103F-16F7-4668-BE54-9A1E7A4F7556}") = "WinTail", "src\Unit-1\lesson2\Completed\WinTail.csproj", "{6A8A63B0-18D3-4290-91C7-AC23C1D59BA7}"
EndProject
Project("{2150E333-8FDC-42A3-9474-1A3956D46DE8}") = "lesson3", "lesson3", "{423F02B6-8A80-4F68-83C8-39D4C0373F24}"
EndProject
Project("{9A19103F-16F7-4668-BE54-9A1E7A4F7556}") = "WinTail", "src\Unit-1\lesson3\Completed\WinTail.csproj", "{DB802B6F-8CD1-430E-83F0-F1E87A4D01FF}"
EndProject
Project("{2150E333-8FDC-42A3-9474-1A3956D46DE8}") = "lesson4", "lesson4", "{EA9A633E-74B1-4787-9815-18E0C9389CE3}"
EndProject
Project("{9A19103F-16F7-4668-BE54-9A1E7A4F7556}") = "WinTail", "src\Unit-1\lesson4\Completed\WinTail.csproj", "{9FCB4712-9615-4B13-B2F4-31F4D7211228}"
EndProject
Project("{2150E333-8FDC-42A3-9474-1A3956D46DE8}") = "lesson5", "lesson5", "{D46752B4-C86D-4EF3-985F-5401DCF920D1}"
EndProject
Project("{9A19103F-16F7-4668-BE54-9A1E7A4F7556}") = "WinTail", "src\Unit-1\lesson5\Completed\WinTail.csproj", "{A4D6DEF8-CAF3-4F86-B92C-BCB7EEB375D1}"
EndProject
Project("{2150E333-8FDC-42A3-9474-1A3956D46DE8}") = "lesson6", "lesson6", "{394C7775-E35D-4721-B69D-C19BE42F06D3}"
EndProject
Project("{9A19103F-16F7-4668-BE54-9A1E7A4F7556}") = "WinTail", "src\Unit-1\lesson6\Completed\WinTail.csproj", "{8DDC3779-04DA-4DED-9961-17920BAC2F7D}"
EndProject
Project("{2150E333-8FDC-42A3-9474-1A3956D46DE8}") = "lesson1", "lesson1", "{56E4088A-80C6-40F7-9AE7-7C1784217E9F}"
EndProject
Project("{9A19103F-16F7-4668-BE54-9A1E7A4F7556}") = "ChartApp", "src\Unit-2\lesson1\Completed\ChartApp.csproj", "{2EE01DEF-E445-4D9A-8BCE-63DDA9E1A2AE}"
EndProject
Project("{2150E333-8FDC-42A3-9474-1A3956D46DE8}") = "lesson2", "lesson2", "{05DBEC25-1B81-40CC-9246-90F3EA3F3A05}"
EndProject
Project("{9A19103F-16F7-4668-BE54-9A1E7A4F7556}") = "ChartApp", "src\Unit-2\lesson2\Completed\ChartApp.csproj", "{72E6BB4C-39CB-44BA-961A-3DC1DE23F519}"
EndProject
Project("{2150E333-8FDC-42A3-9474-1A3956D46DE8}") = "lesson3", "lesson3", "{DE9377D4-492A-4EED-9C27-9BF382448F8C}"
EndProject
Project("{9A19103F-16F7-4668-BE54-9A1E7A4F7556}") = "ChartApp", "src\Unit-2\lesson3\Completed\ChartApp.csproj", "{07C3E6B1-10E5-416D-B62F-64F306690452}"
EndProject
Project("{2150E333-8FDC-42A3-9474-1A3956D46DE8}") = "lesson4", "lesson4", "{4644BEA6-12AE-4099-B4A6-4201853E6A20}"
EndProject
Project("{9A19103F-16F7-4668-BE54-9A1E7A4F7556}") = "ChartApp", "src\Unit-2\lesson4\Completed\ChartApp.csproj", "{EA75FE30-F1AE-4098-94DC-A7EA693D3064}"
EndProject
Project("{2150E333-8FDC-42A3-9474-1A3956D46DE8}") = "lesson5", "lesson5", "{97821FA0-02E0-43BB-86C3-0C50B0D60F67}"
EndProject
Project("{9A19103F-16F7-4668-BE54-9A1E7A4F7556}") = "ChartApp", "src\Unit-2\lesson5\Completed\ChartApp.csproj", "{60C311D6-49D9-45E8-A95D-8FF11020DCE1}"
EndProject
Project("{2150E333-8FDC-42A3-9474-1A3956D46DE8}") = "lesson1", "lesson1", "{517A7FD1-7938-4CC0-A258-001EE28BC855}"
EndProject
Project("{9A19103F-16F7-4668-BE54-9A1E7A4F7556}") = "GithubActors", "src\Unit-3\lesson1\Completed\GithubActors.csproj", "{DBAC06DF-A861-4FD0-9AC1-73092477F73C}"
EndProject
Project("{2150E333-8FDC-42A3-9474-1A3956D46DE8}") = "lesson2", "lesson2", "{6D11D42E-4602-4968-9578-BD274D2C4C6A}"
EndProject
Project("{9A19103F-16F7-4668-BE54-9A1E7A4F7556}") = "GithubActors", "src\Unit-3\lesson2\Completed\GithubActors.csproj", "{8C71B3EF-74A8-448F-8075-A6B91215C62E}"
EndProject
Project("{2150E333-8FDC-42A3-9474-1A3956D46DE8}") = "lesson3", "lesson3", "{655FF82E-9FF4-4BCE-8A50-3D2ECCD84401}"
EndProject
Project("{9A19103F-16F7-4668-BE54-9A1E7A4F7556}") = "GithubActors", "src\Unit-3\lesson3\Completed\GithubActors.csproj", "{5144137D-35E1-4240-955E-B25EB5D2A6EA}"
EndProject
Project("{2150E333-8FDC-42A3-9474-1A3956D46DE8}") = "lesson4", "lesson4", "{43E9C9DD-71D7-43BE-A0BC-AA6BEFB38376}"
EndProject
Project("{9A19103F-16F7-4668-BE54-9A1E7A4F7556}") = "GithubActors", "src\Unit-3\lesson4\Completed\GithubActors.csproj", "{EDAE8A39-E2E1-4C77-A693-D192F888B413}"
EndProject
Project("{2150E333-8FDC-42A3-9474-1A3956D46DE8}") = "lesson5", "lesson5", "{F82F3DBD-6946-4687-AC95-97692C5ECD83}"
EndProject
Project("{9A19103F-16F7-4668-BE54-9A1E7A4F7556}") = "GithubActors", "src\Unit-3\lesson5\Completed\GithubActors.csproj", "{A34D6189-4B49-4B31-AF82-40FA1C6B6392}"
EndProject
Global
	GlobalSection(SolutionConfigurationPlatforms) = preSolution
		Debug|Any CPU = Debug|Any CPU
		Release|Any CPU = Release|Any CPU
	EndGlobalSection
	GlobalSection(ProjectConfigurationPlatforms) = postSolution
		{0A6B50E6-25CF-4671-9723-5F427849530A}.Debug|Any CPU.ActiveCfg = Debug|Any CPU
		{0A6B50E6-25CF-4671-9723-5F427849530A}.Debug|Any CPU.Build.0 = Debug|Any CPU
		{0A6B50E6-25CF-4671-9723-5F427849530A}.Release|Any CPU.ActiveCfg = Release|Any CPU
		{0A6B50E6-25CF-4671-9723-5F427849530A}.Release|Any CPU.Build.0 = Release|Any CPU
		{CE9E8750-ADEF-467E-9FB7-2E25746EA2D6}.Debug|Any CPU.ActiveCfg = Debug|Any CPU
		{CE9E8750-ADEF-467E-9FB7-2E25746EA2D6}.Debug|Any CPU.Build.0 = Debug|Any CPU
		{CE9E8750-ADEF-467E-9FB7-2E25746EA2D6}.Release|Any CPU.ActiveCfg = Release|Any CPU
		{CE9E8750-ADEF-467E-9FB7-2E25746EA2D6}.Release|Any CPU.Build.0 = Release|Any CPU
		{910C312D-2ABD-475A-A710-20BB28B36E9F}.Debug|Any CPU.ActiveCfg = Debug|Any CPU
		{910C312D-2ABD-475A-A710-20BB28B36E9F}.Debug|Any CPU.Build.0 = Debug|Any CPU
		{910C312D-2ABD-475A-A710-20BB28B36E9F}.Release|Any CPU.ActiveCfg = Release|Any CPU
		{910C312D-2ABD-475A-A710-20BB28B36E9F}.Release|Any CPU.Build.0 = Release|Any CPU
		{1A8AC10E-97C3-4291-9D9B-1F958EA3F858}.Debug|Any CPU.ActiveCfg = Debug|Any CPU
		{1A8AC10E-97C3-4291-9D9B-1F958EA3F858}.Debug|Any CPU.Build.0 = Debug|Any CPU
		{1A8AC10E-97C3-4291-9D9B-1F958EA3F858}.Release|Any CPU.ActiveCfg = Release|Any CPU
		{1A8AC10E-97C3-4291-9D9B-1F958EA3F858}.Release|Any CPU.Build.0 = Release|Any CPU
		{6A8A63B0-18D3-4290-91C7-AC23C1D59BA7}.Debug|Any CPU.ActiveCfg = Debug|Any CPU
		{6A8A63B0-18D3-4290-91C7-AC23C1D59BA7}.Debug|Any CPU.Build.0 = Debug|Any CPU
		{6A8A63B0-18D3-4290-91C7-AC23C1D59BA7}.Release|Any CPU.ActiveCfg = Release|Any CPU
		{6A8A63B0-18D3-4290-91C7-AC23C1D59BA7}.Release|Any CPU.Build.0 = Release|Any CPU
		{DB802B6F-8CD1-430E-83F0-F1E87A4D01FF}.Debug|Any CPU.ActiveCfg = Debug|Any CPU
		{DB802B6F-8CD1-430E-83F0-F1E87A4D01FF}.Debug|Any CPU.Build.0 = Debug|Any CPU
		{DB802B6F-8CD1-430E-83F0-F1E87A4D01FF}.Release|Any CPU.ActiveCfg = Release|Any CPU
		{DB802B6F-8CD1-430E-83F0-F1E87A4D01FF}.Release|Any CPU.Build.0 = Release|Any CPU
		{9FCB4712-9615-4B13-B2F4-31F4D7211228}.Debug|Any CPU.ActiveCfg = Debug|Any CPU
		{9FCB4712-9615-4B13-B2F4-31F4D7211228}.Debug|Any CPU.Build.0 = Debug|Any CPU
		{9FCB4712-9615-4B13-B2F4-31F4D7211228}.Release|Any CPU.ActiveCfg = Release|Any CPU
		{9FCB4712-9615-4B13-B2F4-31F4D7211228}.Release|Any CPU.Build.0 = Release|Any CPU
		{A4D6DEF8-CAF3-4F86-B92C-BCB7EEB375D1}.Debug|Any CPU.ActiveCfg = Debug|Any CPU
		{A4D6DEF8-CAF3-4F86-B92C-BCB7EEB375D1}.Debug|Any CPU.Build.0 = Debug|Any CPU
		{A4D6DEF8-CAF3-4F86-B92C-BCB7EEB375D1}.Release|Any CPU.ActiveCfg = Release|Any CPU
		{A4D6DEF8-CAF3-4F86-B92C-BCB7EEB375D1}.Release|Any CPU.Build.0 = Release|Any CPU
		{8DDC3779-04DA-4DED-9961-17920BAC2F7D}.Debug|Any CPU.ActiveCfg = Debug|Any CPU
		{8DDC3779-04DA-4DED-9961-17920BAC2F7D}.Debug|Any CPU.Build.0 = Debug|Any CPU
		{8DDC3779-04DA-4DED-9961-17920BAC2F7D}.Release|Any CPU.ActiveCfg = Release|Any CPU
		{8DDC3779-04DA-4DED-9961-17920BAC2F7D}.Release|Any CPU.Build.0 = Release|Any CPU
		{2EE01DEF-E445-4D9A-8BCE-63DDA9E1A2AE}.Debug|Any CPU.ActiveCfg = Debug|Any CPU
		{2EE01DEF-E445-4D9A-8BCE-63DDA9E1A2AE}.Debug|Any CPU.Build.0 = Debug|Any CPU
		{2EE01DEF-E445-4D9A-8BCE-63DDA9E1A2AE}.Release|Any CPU.ActiveCfg = Release|Any CPU
		{2EE01DEF-E445-4D9A-8BCE-63DDA9E1A2AE}.Release|Any CPU.Build.0 = Release|Any CPU
		{72E6BB4C-39CB-44BA-961A-3DC1DE23F519}.Debug|Any CPU.ActiveCfg = Debug|Any CPU
		{72E6BB4C-39CB-44BA-961A-3DC1DE23F519}.Debug|Any CPU.Build.0 = Debug|Any CPU
		{72E6BB4C-39CB-44BA-961A-3DC1DE23F519}.Release|Any CPU.ActiveCfg = Release|Any CPU
		{72E6BB4C-39CB-44BA-961A-3DC1DE23F519}.Release|Any CPU.Build.0 = Release|Any CPU
		{07C3E6B1-10E5-416D-B62F-64F306690452}.Debug|Any CPU.ActiveCfg = Debug|Any CPU
		{07C3E6B1-10E5-416D-B62F-64F306690452}.Debug|Any CPU.Build.0 = Debug|Any CPU
		{07C3E6B1-10E5-416D-B62F-64F306690452}.Release|Any CPU.ActiveCfg = Release|Any CPU
		{07C3E6B1-10E5-416D-B62F-64F306690452}.Release|Any CPU.Build.0 = Release|Any CPU
		{EA75FE30-F1AE-4098-94DC-A7EA693D3064}.Debug|Any CPU.ActiveCfg = Debug|Any CPU
		{EA75FE30-F1AE-4098-94DC-A7EA693D3064}.Debug|Any CPU.Build.0 = Debug|Any CPU
		{EA75FE30-F1AE-4098-94DC-A7EA693D3064}.Release|Any CPU.ActiveCfg = Release|Any CPU
		{EA75FE30-F1AE-4098-94DC-A7EA693D3064}.Release|Any CPU.Build.0 = Release|Any CPU
		{60C311D6-49D9-45E8-A95D-8FF11020DCE1}.Debug|Any CPU.ActiveCfg = Debug|Any CPU
		{60C311D6-49D9-45E8-A95D-8FF11020DCE1}.Debug|Any CPU.Build.0 = Debug|Any CPU
		{60C311D6-49D9-45E8-A95D-8FF11020DCE1}.Release|Any CPU.ActiveCfg = Release|Any CPU
		{60C311D6-49D9-45E8-A95D-8FF11020DCE1}.Release|Any CPU.Build.0 = Release|Any CPU
		{DBAC06DF-A861-4FD0-9AC1-73092477F73C}.Debug|Any CPU.ActiveCfg = Debug|Any CPU
		{DBAC06DF-A861-4FD0-9AC1-73092477F73C}.Debug|Any CPU.Build.0 = Debug|Any CPU
		{DBAC06DF-A861-4FD0-9AC1-73092477F73C}.Release|Any CPU.ActiveCfg = Release|Any CPU
		{DBAC06DF-A861-4FD0-9AC1-73092477F73C}.Release|Any CPU.Build.0 = Release|Any CPU
		{8C71B3EF-74A8-448F-8075-A6B91215C62E}.Debug|Any CPU.ActiveCfg = Debug|Any CPU
		{8C71B3EF-74A8-448F-8075-A6B91215C62E}.Debug|Any CPU.Build.0 = Debug|Any CPU
		{8C71B3EF-74A8-448F-8075-A6B91215C62E}.Release|Any CPU.ActiveCfg = Release|Any CPU
		{8C71B3EF-74A8-448F-8075-A6B91215C62E}.Release|Any CPU.Build.0 = Release|Any CPU
		{5144137D-35E1-4240-955E-B25EB5D2A6EA}.Debug|Any CPU.ActiveCfg = Debug|Any CPU
		{5144137D-35E1-4240-955E-B25EB5D2A6EA}.Debug|Any CPU.Build.0 = Debug|Any CPU
		{5144137D-35E1-4240-955E-B25EB5D2A6EA}.Release|Any CPU.ActiveCfg = Release|Any CPU
		{5144137D-35E1-4240-955E-B25EB5D2A6EA}.Release|Any CPU.Build.0 = Release|Any CPU
		{EDAE8A39-E2E1-4C77-A693-D192F888B413}.Debug|Any CPU.ActiveCfg = Debug|Any CPU
		{EDAE8A39-E2E1-4C77-A693-D192F888B413}.Debug|Any CPU.Build.0 = Debug|Any CPU
		{EDAE8A39-E2E1-4C77-A693-D192F888B413}.Release|Any CPU.ActiveCfg = Release|Any CPU
		{EDAE8A39-E2E1-4C77-A693-D192F888B413}.Release|Any CPU.Build.0 = Release|Any CPU
		{A34D6189-4B49-4B31-AF82-40FA1C6B6392}.Debug|Any CPU.ActiveCfg = Debug|Any CPU
		{A34D6189-4B49-4B31-AF82-40FA1C6B6392}.Debug|Any CPU.Build.0 = Debug|Any CPU
		{A34D6189-4B49-4B31-AF82-40FA1C6B6392}.Release|Any CPU.ActiveCfg = Release|Any CPU
		{A34D6189-4B49-4B31-AF82-40FA1C6B6392}.Release|Any CPU.Build.0 = Release|Any CPU
	EndGlobalSection
	GlobalSection(SolutionProperties) = preSolution
		HideSolutionNode = FALSE
	EndGlobalSection
	GlobalSection(NestedProjects) = preSolution
		{D23258E1-BCE2-4FE3-A8CE-EF7E7F3F5A61} = {EFA065C6-E756-4CCB-820B-02EE8AFA1849}
		{0A6B50E6-25CF-4671-9723-5F427849530A} = {D23258E1-BCE2-4FE3-A8CE-EF7E7F3F5A61}
		{39E9AA1E-5548-44C9-A7C8-C55B73E68F44} = {EFA065C6-E756-4CCB-820B-02EE8AFA1849}
		{CE9E8750-ADEF-467E-9FB7-2E25746EA2D6} = {39E9AA1E-5548-44C9-A7C8-C55B73E68F44}
		{24418747-59CD-4AD1-95FB-E4A0B9E9AD05} = {EFA065C6-E756-4CCB-820B-02EE8AFA1849}
		{910C312D-2ABD-475A-A710-20BB28B36E9F} = {24418747-59CD-4AD1-95FB-E4A0B9E9AD05}
		{262B798B-FA65-41D3-B9A6-0C5479329BC4} = {D23258E1-BCE2-4FE3-A8CE-EF7E7F3F5A61}
		{1A8AC10E-97C3-4291-9D9B-1F958EA3F858} = {262B798B-FA65-41D3-B9A6-0C5479329BC4}
		{18CAA950-0364-42F0-8DCD-FA10AFF149CA} = {D23258E1-BCE2-4FE3-A8CE-EF7E7F3F5A61}
		{6A8A63B0-18D3-4290-91C7-AC23C1D59BA7} = {18CAA950-0364-42F0-8DCD-FA10AFF149CA}
		{423F02B6-8A80-4F68-83C8-39D4C0373F24} = {D23258E1-BCE2-4FE3-A8CE-EF7E7F3F5A61}
		{DB802B6F-8CD1-430E-83F0-F1E87A4D01FF} = {423F02B6-8A80-4F68-83C8-39D4C0373F24}
		{EA9A633E-74B1-4787-9815-18E0C9389CE3} = {D23258E1-BCE2-4FE3-A8CE-EF7E7F3F5A61}
		{9FCB4712-9615-4B13-B2F4-31F4D7211228} = {EA9A633E-74B1-4787-9815-18E0C9389CE3}
		{D46752B4-C86D-4EF3-985F-5401DCF920D1} = {D23258E1-BCE2-4FE3-A8CE-EF7E7F3F5A61}
		{A4D6DEF8-CAF3-4F86-B92C-BCB7EEB375D1} = {D46752B4-C86D-4EF3-985F-5401DCF920D1}
		{394C7775-E35D-4721-B69D-C19BE42F06D3} = {D23258E1-BCE2-4FE3-A8CE-EF7E7F3F5A61}
		{8DDC3779-04DA-4DED-9961-17920BAC2F7D} = {394C7775-E35D-4721-B69D-C19BE42F06D3}
		{56E4088A-80C6-40F7-9AE7-7C1784217E9F} = {39E9AA1E-5548-44C9-A7C8-C55B73E68F44}
		{2EE01DEF-E445-4D9A-8BCE-63DDA9E1A2AE} = {56E4088A-80C6-40F7-9AE7-7C1784217E9F}
		{05DBEC25-1B81-40CC-9246-90F3EA3F3A05} = {39E9AA1E-5548-44C9-A7C8-C55B73E68F44}
		{72E6BB4C-39CB-44BA-961A-3DC1DE23F519} = {05DBEC25-1B81-40CC-9246-90F3EA3F3A05}
		{DE9377D4-492A-4EED-9C27-9BF382448F8C} = {39E9AA1E-5548-44C9-A7C8-C55B73E68F44}
		{07C3E6B1-10E5-416D-B62F-64F306690452} = {DE9377D4-492A-4EED-9C27-9BF382448F8C}
		{4644BEA6-12AE-4099-B4A6-4201853E6A20} = {39E9AA1E-5548-44C9-A7C8-C55B73E68F44}
		{EA75FE30-F1AE-4098-94DC-A7EA693D3064} = {4644BEA6-12AE-4099-B4A6-4201853E6A20}
		{97821FA0-02E0-43BB-86C3-0C50B0D60F67} = {39E9AA1E-5548-44C9-A7C8-C55B73E68F44}
		{60C311D6-49D9-45E8-A95D-8FF11020DCE1} = {97821FA0-02E0-43BB-86C3-0C50B0D60F67}
		{517A7FD1-7938-4CC0-A258-001EE28BC855} = {24418747-59CD-4AD1-95FB-E4A0B9E9AD05}
		{DBAC06DF-A861-4FD0-9AC1-73092477F73C} = {517A7FD1-7938-4CC0-A258-001EE28BC855}
		{6D11D42E-4602-4968-9578-BD274D2C4C6A} = {24418747-59CD-4AD1-95FB-E4A0B9E9AD05}
		{8C71B3EF-74A8-448F-8075-A6B91215C62E} = {6D11D42E-4602-4968-9578-BD274D2C4C6A}
		{655FF82E-9FF4-4BCE-8A50-3D2ECCD84401} = {24418747-59CD-4AD1-95FB-E4A0B9E9AD05}
		{5144137D-35E1-4240-955E-B25EB5D2A6EA} = {655FF82E-9FF4-4BCE-8A50-3D2ECCD84401}
		{43E9C9DD-71D7-43BE-A0BC-AA6BEFB38376} = {24418747-59CD-4AD1-95FB-E4A0B9E9AD05}
		{EDAE8A39-E2E1-4C77-A693-D192F888B413} = {43E9C9DD-71D7-43BE-A0BC-AA6BEFB38376}
		{F82F3DBD-6946-4687-AC95-97692C5ECD83} = {24418747-59CD-4AD1-95FB-E4A0B9E9AD05}
		{A34D6189-4B49-4B31-AF82-40FA1C6B6392} = {F82F3DBD-6946-4687-AC95-97692C5ECD83}
	EndGlobalSection
	GlobalSection(ExtensibilityGlobals) = postSolution
		SolutionGuid = {9E63C0F9-782F-4608-AF62-C26ECF641CF5}
	EndGlobalSection
EndGlobal
